{
  "version": 4,
  "terraform_version": "1.3.7",
  "serial": 13,
  "lineage": "53cad1bd-ed08-b334-436f-b28f8e7f9098",
  "outputs": {},
  "resources": [
    {
      "mode": "managed",
      "type": "local_file",
      "name": "pet",
      "provider": "provider[\"registry.terraform.io/hashicorp/local\"]",
      "instances": [
        {
          "schema_version": 0,
          "attributes": {
            "content": "I love pets!",
            "content_base64": null,
            "directory_permission": "700",
            "file_permission": "700",
            "filename": "E:/terraform/pet.txt",
            "id": "7e4db4fbfdbb108bdd04692602bae3e9bd1e1b68",
            "sensitive_content": null,
            "source": null
          },
          "sensitive_attributes": []
        }
      ]
    },
    {
      "mode": "managed",
      "type": "random_pet",
      "name": "my-pet",
      "provider": "provider[\"registry.terraform.io/hashicorp/random\"]",
      "instances": [
        {
          "schema_version": 0,
          "attributes": {
            "id": "Mrs.blowfish",
            "keepers": null,
            "length": 1,
            "prefix": "Mrs",
            "separator": "."
          },
          "sensitive_attributes": []
        }
      ]
    }
  ],
  "check_results": null
}
